
Microsoft Visual Studio Solution File, Format Version 12.00
# Visual Studio 15
VisualStudioVersion = 15.0.26430.15
MinimumVisualStudioVersion = 10.0.40219.1
Project("{FAE04EC0-301F-11D3-BF4B-00C04F79EFBC}") = "SushiRollCamera.Android", "SushiRollCamera\SushiRollCamera.Android\SushiRollCamera.Android.csproj", "{5F90B869-E4B1-466A-B5E4-53F6A16FDF29}"
EndProject
Project("{FAE04EC0-301F-11D3-BF4B-00C04F79EFBC}") = "SushiRollCamera", "SushiRollCamera\SushiRollCamera\SushiRollCamera.csproj", "{482CF89C-382C-4E9D-BA9F-70B8337E5423}"
EndProject
Project("{FAE04EC0-301F-11D3-BF4B-00C04F79EFBC}") = "SushiRollCamera.iOS", "SushiRollCamera\SushiRollCamera.iOS\SushiRollCamera.iOS.csproj", "{AC631543-93D5-432D-BFE8-47DCD3802915}"
EndProject
Global
	GlobalSection(SolutionConfigurationPlatforms) = preSolution
		Ad-Hoc|Any CPU = Ad-Hoc|Any CPU
		Ad-Hoc|iPhone = Ad-Hoc|iPhone
		Ad-Hoc|iPhoneSimulator = Ad-Hoc|iPhoneSimulator
		AppStore|Any CPU = AppStore|Any CPU
		AppStore|iPhone = AppStore|iPhone
		AppStore|iPhoneSimulator = AppStore|iPhoneSimulator
		Debug|Any CPU = Debug|Any CPU
		Debug|iPhone = Debug|iPhone
		Debug|iPhoneSimulator = Debug|iPhoneSimulator
		Release|Any CPU = Release|Any CPU
		Release|iPhone = Release|iPhone
		Release|iPhoneSimulator = Release|iPhoneSimulator
	EndGlobalSection
	GlobalSection(ProjectConfigurationPlatforms) = postSolution
		{5F90B869-E4B1-466A-B5E4-53F6A16FDF29}.Ad-Hoc|Any CPU.ActiveCfg = Release|Any CPU
		{5F90B869-E4B1-466A-B5E4-53F6A16FDF29}.Ad-Hoc|Any CPU.Build.0 = Release|Any CPU
		{5F90B869-E4B1-466A-B5E4-53F6A16FDF29}.Ad-Hoc|Any CPU.Deploy.0 = Release|Any CPU
		{5F90B869-E4B1-466A-B5E4-53F6A16FDF29}.Ad-Hoc|iPhone.ActiveCfg = Release|Any CPU
		{5F90B869-E4B1-466A-B5E4-53F6A16FDF29}.Ad-Hoc|iPhone.Build.0 = Release|Any CPU
		{5F90B869-E4B1-466A-B5E4-53F6A16FDF29}.Ad-Hoc|iPhone.Deploy.0 = Release|Any CPU
		{5F90B869-E4B1-466A-B5E4-53F6A16FDF29}.Ad-Hoc|iPhoneSimulator.ActiveCfg = Release|Any CPU
		{5F90B869-E4B1-466A-B5E4-53F6A16FDF29}.Ad-Hoc|iPhoneSimulator.Build.0 = Release|Any CPU
		{5F90B869-E4B1-466A-B5E4-53F6A16FDF29}.Ad-Hoc|iPhoneSimulator.Deploy.0 = Release|Any CPU
		{5F90B869-E4B1-466A-B5E4-53F6A16FDF29}.AppStore|Any CPU.ActiveCfg = Release|Any CPU
		{5F90B869-E4B1-466A-B5E4-53F6A16FDF29}.AppStore|Any CPU.Build.0 = Release|Any CPU
		{5F90B869-E4B1-466A-B5E4-53F6A16FDF29}.AppStore|Any CPU.Deploy.0 = Release|Any CPU
		{5F90B869-E4B1-466A-B5E4-53F6A16FDF29}.AppStore|iPhone.ActiveCfg = Release|Any CPU
		{5F90B869-E4B1-466A-B5E4-53F6A16FDF29}.AppStore|iPhone.Build.0 = Release|Any CPU
		{5F90B869-E4B1-466A-B5E4-53F6A16FDF29}.AppStore|iPhone.Deploy.0 = Release|Any CPU
		{5F90B869-E4B1-466A-B5E4-53F6A16FDF29}.AppStore|iPhoneSimulator.ActiveCfg = Release|Any CPU
		{5F90B869-E4B1-466A-B5E4-53F6A16FDF29}.AppStore|iPhoneSimulator.Build.0 = Release|Any CPU
		{5F90B869-E4B1-466A-B5E4-53F6A16FDF29}.AppStore|iPhoneSimulator.Deploy.0 = Release|Any CPU
		{5F90B869-E4B1-466A-B5E4-53F6A16FDF29}.Debug|Any CPU.ActiveCfg = Debug|Any CPU
		{5F90B869-E4B1-466A-B5E4-53F6A16FDF29}.Debug|Any CPU.Build.0 = Debug|Any CPU
		{5F90B869-E4B1-466A-B5E4-53F6A16FDF29}.Debug|Any CPU.Deploy.0 = Debug|Any CPU
		{5F90B869-E4B1-466A-B5E4-53F6A16FDF29}.Debug|iPhone.ActiveCfg = Debug|Any CPU
		{5F90B869-E4B1-466A-B5E4-53F6A16FDF29}.Debug|iPhone.Build.0 = Debug|Any CPU
		{5F90B869-E4B1-466A-B5E4-53F6A16FDF29}.Debug|iPhone.Deploy.0 = Debug|Any CPU
		{5F90B869-E4B1-466A-B5E4-53F6A16FDF29}.Debug|iPhoneSimulator.ActiveCfg = Debug|Any CPU
		{5F90B869-E4B1-466A-B5E4-53F6A16FDF29}.Debug|iPhoneSimulator.Build.0 = Debug|Any CPU
		{5F90B869-E4B1-466A-B5E4-53F6A16FDF29}.Debug|iPhoneSimulator.Deploy.0 = Debug|Any CPU
		{5F90B869-E4B1-466A-B5E4-53F6A16FDF29}.Release|Any CPU.ActiveCfg = Release|Any CPU
		{5F90B869-E4B1-466A-B5E4-53F6A16FDF29}.Release|Any CPU.Build.0 = Release|Any CPU
		{5F90B869-E4B1-466A-B5E4-53F6A16FDF29}.Release|Any CPU.Deploy.0 = Release|Any CPU
		{5F90B869-E4B1-466A-B5E4-53F6A16FDF29}.Release|iPhone.ActiveCfg = Release|Any CPU
		{5F90B869-E4B1-466A-B5E4-53F6A16FDF29}.Release|iPhone.Build.0 = Release|Any CPU
		{5F90B869-E4B1-466A-B5E4-53F6A16FDF29}.Release|iPhone.Deploy.0 = Release|Any CPU
		{5F90B869-E4B1-466A-B5E4-53F6A16FDF29}.Release|iPhoneSimulator.ActiveCfg = Release|Any CPU
		{5F90B869-E4B1-466A-B5E4-53F6A16FDF29}.Release|iPhoneSimulator.Build.0 = Release|Any CPU
		{5F90B869-E4B1-466A-B5E4-53F6A16FDF29}.Release|iPhoneSimulator.Deploy.0 = Release|Any CPU
		{482CF89C-382C-4E9D-BA9F-70B8337E5423}.Ad-Hoc|Any CPU.ActiveCfg = Release|Any CPU
		{482CF89C-382C-4E9D-BA9F-70B8337E5423}.Ad-Hoc|Any CPU.Build.0 = Release|Any CPU
		{482CF89C-382C-4E9D-BA9F-70B8337E5423}.Ad-Hoc|iPhone.ActiveCfg = Release|Any CPU
		{482CF89C-382C-4E9D-BA9F-70B8337E5423}.Ad-Hoc|iPhone.Build.0 = Release|Any CPU
		{482CF89C-382C-4E9D-BA9F-70B8337E5423}.Ad-Hoc|iPhoneSimulator.ActiveCfg = Release|Any CPU
		{482CF89C-382C-4E9D-BA9F-70B8337E5423}.Ad-Hoc|iPhoneSimulator.Build.0 = Release|Any CPU
		{482CF89C-382C-4E9D-BA9F-70B8337E5423}.AppStore|Any CPU.ActiveCfg = Release|Any CPU
		{482CF89C-382C-4E9D-BA9F-70B8337E5423}.AppStore|Any CPU.Build.0 = Release|Any CPU
		{482CF89C-382C-4E9D-BA9F-70B8337E5423}.AppStore|iPhone.ActiveCfg = Release|Any CPU
		{482CF89C-382C-4E9D-BA9F-70B8337E5423}.AppStore|iPhone.Build.0 = Release|Any CPU
		{482CF89C-382C-4E9D-BA9F-70B8337E5423}.AppStore|iPhoneSimulator.ActiveCfg = Release|Any CPU
		{482CF89C-382C-4E9D-BA9F-70B8337E5423}.AppStore|iPhoneSimulator.Build.0 = Release|Any CPU
		{482CF89C-382C-4E9D-BA9F-70B8337E5423}.Debug|Any CPU.ActiveCfg = Debug|Any CPU
		{482CF89C-382C-4E9D-BA9F-70B8337E5423}.Debug|Any CPU.Build.0 = Debug|Any CPU
		{482CF89C-382C-4E9D-BA9F-70B8337E5423}.Debug|iPhone.ActiveCfg = Debug|Any CPU
		{482CF89C-382C-4E9D-BA9F-70B8337E5423}.Debug|iPhone.Build.0 = Debug|Any CPU
		{482CF89C-382C-4E9D-BA9F-70B8337E5423}.Debug|iPhoneSimulator.ActiveCfg = Debug|Any CPU
		{482CF89C-382C-4E9D-BA9F-70B8337E5423}.Debug|iPhoneSimulator.Build.0 = Debug|Any CPU
		{482CF89C-382C-4E9D-BA9F-70B8337E5423}.Release|Any CPU.ActiveCfg = Release|Any CPU
		{482CF89C-382C-4E9D-BA9F-70B8337E5423}.Release|Any CPU.Build.0 = Release|Any CPU
		{482CF89C-382C-4E9D-BA9F-70B8337E5423}.Release|iPhone.ActiveCfg = Release|Any CPU
		{482CF89C-382C-4E9D-BA9F-70B8337E5423}.Release|iPhone.Build.0 = Release|Any CPU
		{482CF89C-382C-4E9D-BA9F-70B8337E5423}.Release|iPhoneSimulator.ActiveCfg = Release|Any CPU
		{482CF89C-382C-4E9D-BA9F-70B8337E5423}.Release|iPhoneSimulator.Build.0 = Release|Any CPU
		{AC631543-93D5-432D-BFE8-47DCD3802915}.Ad-Hoc|Any CPU.ActiveCfg = Ad-Hoc|iPhone
		{AC631543-93D5-432D-BFE8-47DCD3802915}.Ad-Hoc|iPhone.ActiveCfg = Ad-Hoc|iPhone
		{AC631543-93D5-432D-BFE8-47DCD3802915}.Ad-Hoc|iPhone.Build.0 = Ad-Hoc|iPhone
		{AC631543-93D5-432D-BFE8-47DCD3802915}.Ad-Hoc|iPhoneSimulator.ActiveCfg = Ad-Hoc|iPhoneSimulator
		{AC631543-93D5-432D-BFE8-47DCD3802915}.Ad-Hoc|iPhoneSimulator.Build.0 = Ad-Hoc|iPhoneSimulator
		{AC631543-93D5-432D-BFE8-47DCD3802915}.AppStore|Any CPU.ActiveCfg = AppStore|iPhone
		{AC631543-93D5-432D-BFE8-47DCD3802915}.AppStore|iPhone.ActiveCfg = AppStore|iPhone
		{AC631543-93D5-432D-BFE8-47DCD3802915}.AppStore|iPhone.Build.0 = AppStore|iPhone
		{AC631543-93D5-432D-BFE8-47DCD3802915}.AppStore|iPhoneSimulator.ActiveCfg = AppStore|iPhoneSimulator
		{AC631543-93D5-432D-BFE8-47DCD3802915}.AppStore|iPhoneSimulator.Build.0 = AppStore|iPhoneSimulator
		{AC631543-93D5-432D-BFE8-47DCD3802915}.Debug|Any CPU.ActiveCfg = Debug|iPhone
		{AC631543-93D5-432D-BFE8-47DCD3802915}.Debug|iPhone.ActiveCfg = Debug|iPhone
		{AC631543-93D5-432D-BFE8-47DCD3802915}.Debug|iPhone.Build.0 = Debug|iPhone
		{AC631543-93D5-432D-BFE8-47DCD3802915}.Debug|iPhoneSimulator.ActiveCfg = Debug|iPhoneSimulator
		{AC631543-93D5-432D-BFE8-47DCD3802915}.Debug|iPhoneSimulator.Build.0 = Debug|iPhoneSimulator
		{AC631543-93D5-432D-BFE8-47DCD3802915}.Release|Any CPU.ActiveCfg = Release|iPhone
		{AC631543-93D5-432D-BFE8-47DCD3802915}.Release|iPhone.ActiveCfg = Release|iPhone
		{AC631543-93D5-432D-BFE8-47DCD3802915}.Release|iPhone.Build.0 = Release|iPhone
		{AC631543-93D5-432D-BFE8-47DCD3802915}.Release|iPhoneSimulator.ActiveCfg = Release|iPhoneSimulator
		{AC631543-93D5-432D-BFE8-47DCD3802915}.Release|iPhoneSimulator.Build.0 = Release|iPhoneSimulator
	EndGlobalSection
	GlobalSection(SolutionProperties) = preSolution
		HideSolutionNode = FALSE
	EndGlobalSection
EndGlobal
